{
  "version": 1,
  "dependencies": {
    "net10.0": {
      "Amazon.Lambda.Core": {
        "type": "Direct",
        "requested": "[3.4.0, )",
        "resolved": "3.4.0",
        "contentHash": "6fJGF73aKUBgENi1UIdS93LuYeEHUCHZEJh0QBAlCavUV5XQzA5kWqawAYAKNz4AAyIrLQeUg2bmD9T/g6mXVg=="
      },
      "Amazon.Lambda.Serialization.SystemTextJson": {
        "type": "Direct",
        "requested": "[3.0.1, )",
        "resolved": "3.0.1",
        "contentHash": "QsHygaMyxQdgh5NPs5GGyBjK6mqQr5nv8rpqlrWC5+e1k7sVx+2xwDHv493S5IMw461S/PyHfjkUDjIQU5ArSA==",
        "dependencies": {
          "Amazon.Lambda.Core": "3.3.0"
        }
      },
      "Amazon.Lambda.SQSEvents": {
        "type": "Direct",
        "requested": "[3.0.1, )",
        "resolved": "3.0.1",
        "contentHash": "57cPCJQIDLYzKHXsK6hXZUFH+Ra6JpNXXlyjP/O/hvjBmhRud7EPt4IBgowW8P6s1wqoS+9txmi+iuLwhZ7I4A=="
      },
      "AWSSDK.DynamoDBv2": {
        "type": "Direct",
        "requested": "[4.*, )",
        "resolved": "4.0.107.1",
        "contentHash": "Ss+7cm8kC6WNr1Z8nzuVRkOlWAFVWT/HLIhH9KxxUGVQWdHiCo78sCXgOVRLp37Hb5bPWK/CDCH1E/7W68eHlQ==",
        "dependencies": {
          "AWSSDK.Core": "[4.0.102.9, 5.0.0)"
        }
      },
      "AWSSDK.Core": {
        "type": "Transitive",
        "resolved": "4.0.102.9",
        "contentHash": "VWGkR0QXDTmThusATC6I9IX06YtYeQNF+1/v6vBbfzIC+MaAuNjYn0aSTIyX+abciZvFhuSSi0d6/pC93wROCw=="
      }
    }
  }
}