{
  "version": 1,
  "dependencies": {
    "net10.0": {
      "AWSSDK.S3": {
        "type": "Direct",
        "requested": "[4.*, )",
        "resolved": "4.0.104.1",
        "contentHash": "syEbfUR1Qjy9WS0fmg5MWOq0aGghq+pBIyrvDP3BFLc5K2OITxMiwbPkZhEJeAq8SWRn2bfVaWWmNLp8hS9VwQ==",
        "dependencies": {
          "AWSSDK.Core": "[4.0.102.8, 5.0.0)"
        }
      },
      "AWSSDK.SQS": {
        "type": "Direct",
        "requested": "[4.*, )",
        "resolved": "4.0.100.15",
        "contentHash": "A2vyeQSZgH682aI2+1oLQKAp03pPBl2FgLHCm33MBEV/3N5tiy0nwMhJxG+Sb1gRiciO9M9QBu2UidcsuO7PkQ==",
        "dependencies": {
          "AWSSDK.Core": "[4.0.102.8, 5.0.0)"
        }
      },
      "Microsoft.AspNetCore.Authentication.JwtBearer": {
        "type": "Direct",
        "requested": "[10.0.12, )",
        "resolved": "10.0.12",
        "contentHash": "DeE+Bq2OqB3FikFkZk+7gFBeLOQhkSolejLrbi+a9zpfvXtW1Ff6Nd6DIvHXIm+pc4aM4+52vDy3jnuau0qoUQ==",
        "dependencies": {
          "Microsoft.IdentityModel.Protocols.OpenIdConnect": "8.19.2"
        }
      },
      "Npgsql": {
        "type": "Direct",
        "requested": "[10.0.3, )",
        "resolved": "10.0.3",
        "contentHash": "7nb5YzXuvWWJxB0J8DiyL3we+X4FOctZrt0fIBnucOIaIevFEEwGQVZKtiu9olXdlNAK1eNgqSral6r/jlhI4w=="
      },
      "StackExchange.Redis": {
        "type": "Direct",
        "requested": "[3.3.1, )",
        "resolved": "3.3.1",
        "contentHash": "AnA3ZuYnOQl2Hh/PXqV+JagA6QO8hiHovHBOc0PKz+uafVSsI0lYPQy8D0rklCC5Wpmc9MznEw+Lpt8e+LaB9w==",
        "dependencies": {
          "RESPite": "3.3.1",
          "System.IO.Hashing": "10.0.12"
        }
      },
      "AWSSDK.Core": {
        "type": "Transitive",
        "resolved": "4.0.102.8",
        "contentHash": "90B9Skhl+ORbtWNXrrmGdGhGvAfZiPmZafRYrB/xHelZjePIwPvXioqz9UiiF1vo21eDLzTnXh5EC4RjbNWsFQ=="
      },
      "Microsoft.Bcl.Cryptography": {
        "type": "Transitive",
        "resolved": "10.0.2",
        "contentHash": "LG9Yll3B5aNpxv0+D47g6LiOiKBIlodhcHdQwcYzo8VeexFLGqx5ymetmA2aBRyo9cCcWsQWrFsdbsr8LvmWDw=="
      },
      "Microsoft.IdentityModel.Abstractions": {
        "type": "Transitive",
        "resolved": "8.19.2",
        "contentHash": "HJbo/lnSfNHUfphPRT910poQc4T2/9+8svFLvzuaYHGAOJ2Tu+oEDqpX0BVP3BJ4OuUM1kylEKyaiX2fCAK3Cw=="
      },
      "Microsoft.IdentityModel.JsonWebTokens": {
        "type": "Transitive",
        "resolved": "8.19.2",
        "contentHash": "ui3fuBT4fs8kdKfBthI4NzLYIBIneEVS8UrL1JVBzAn80UiKmngBBi0BEByE7n/9c+EElcfFlCMFFTqpkBSLNA==",
        "dependencies": {
          "Microsoft.IdentityModel.Tokens": "8.19.2"
        }
      },
      "Microsoft.IdentityModel.Logging": {
        "type": "Transitive",
        "resolved": "8.19.2",
        "contentHash": "r5YLDIxGOnkVJHrqXv/iD1FM1CgGrQOdriXuvuWvTPmKbnGANhEysq9XKmN6IHjf2a+9bAGEpnoRBsAQlvJU5w==",
        "dependencies": {
          "Microsoft.IdentityModel.Abstractions": "8.19.2"
        }
      },
      "Microsoft.IdentityModel.Protocols": {
        "type": "Transitive",
        "resolved": "8.19.2",
        "contentHash": "sGxSsSrZXNmca6D+jHH2rVRyo2nNRd/g4H9CFbPmLLq0xgoH1U0orLWE5minfijw7+zq49tBs7txenbfAErRoQ==",
        "dependencies": {
          "Microsoft.IdentityModel.Tokens": "8.19.2"
        }
      },
      "Microsoft.IdentityModel.Protocols.OpenIdConnect": {
        "type": "Transitive",
        "resolved": "8.19.2",
        "contentHash": "1XOcyY36cVymzE3qKdzKaUEZ4Pzt7ZpSa14JZoPPK1NLFUkQDs85TCqpV6XDo0YjFXj6nVK00AfOHppjghjhtw==",
        "dependencies": {
          "Microsoft.IdentityModel.Protocols": "8.19.2",
          "System.IdentityModel.Tokens.Jwt": "8.19.2"
        }
      },
      "Microsoft.IdentityModel.Tokens": {
        "type": "Transitive",
        "resolved": "8.19.2",
        "contentHash": "GtPC1S02uH1gOO4fQ+zRysIicKmEXaYFP8PIkdJYXqMyruYhopre4ozVHp0XiDSA0+GJvOZH9prxCPvgBMg4Ww==",
        "dependencies": {
          "Microsoft.Bcl.Cryptography": "10.0.2",
          "Microsoft.IdentityModel.Logging": "8.19.2"
        }
      },
      "RESPite": {
        "type": "Transitive",
        "resolved": "3.3.1",
        "contentHash": "1Ky6rOjP9YjA8eXWWSJDTSRgVQiRXwsKnET+X5hDuONJqq8KbYLQrTUjMg8gsdyKzwj74ivEioTuQd4mVhthdQ=="
      },
      "System.IdentityModel.Tokens.Jwt": {
        "type": "Transitive",
        "resolved": "8.19.2",
        "contentHash": "gqhDC/icByKEutygpr+OFgAmjwTVowyzFjWB8K0q1ww8uFj5a1BQNL+QvijUl9uhq4p8OdDwcAIrjVC+eC9FVA==",
        "dependencies": {
          "Microsoft.IdentityModel.JsonWebTokens": "8.19.2",
          "Microsoft.IdentityModel.Tokens": "8.19.2"
        }
      },
      "System.IO.Hashing": {
        "type": "Transitive",
        "resolved": "10.0.12",
        "contentHash": "jDix4bBMYnpZdSPcnY+KDV6ik3SRMzpMKby/bZl/XUwIiflwRNAFZ0oOl61R/pSaveIJ8t1gs2BUlrGsPs/bcg=="
      }
    }
  }
}